
Microsoft Visual Studio Solution File, Format Version 12.00
# Visual Studio Version 17
VisualStudioVersion = 17.9.34728.123
MinimumVisualStudioVersion = 10.0.40219.1
Project("{FAE04EC0-301F-11D3-BF4B-00C04F79EFBC}") = "IHM", "IHM\IHM.csproj", "{496CE6B9-A89A-4BAB-849B-53E0270430D2}"
EndProject
Project("{FAE04EC0-301F-11D3-BF4B-00C04F79EFBC}") = "LogicLayer", "LogicLayer\LogicLayer.csproj", "{EFE1550A-EDD3-4BBE-A0D7-5FFDA81F6ACF}"
EndProject
Project("{FAE04EC0-301F-11D3-BF4B-00C04F79EFBC}") = "UnitTests", "UnitTests\UnitTests.csproj", "{D8906A2E-4C12-4CF0-8594-A74A38564307}"
EndProject
Global
	GlobalSection(SolutionConfigurationPlatforms) = preSolution
		Debug|Any CPU = Debug|Any CPU
		Release|Any CPU = Release|Any CPU
	EndGlobalSection
	GlobalSection(ProjectConfigurationPlatforms) = postSolution
		{496CE6B9-A89A-4BAB-849B-53E0270430D2}.Debug|Any CPU.ActiveCfg = Debug|Any CPU
		{496CE6B9-A89A-4BAB-849B-53E0270430D2}.Debug|Any CPU.Build.0 = Debug|Any CPU
		{496CE6B9-A89A-4BAB-849B-53E0270430D2}.Release|Any CPU.ActiveCfg = Release|Any CPU
		{496CE6B9-A89A-4BAB-849B-53E0270430D2}.Release|Any CPU.Build.0 = Release|Any CPU
		{EFE1550A-EDD3-4BBE-A0D7-5FFDA81F6ACF}.Debug|Any CPU.ActiveCfg = Debug|Any CPU
		{EFE1550A-EDD3-4BBE-A0D7-5FFDA81F6ACF}.Debug|Any CPU.Build.0 = Debug|Any CPU
		{EFE1550A-EDD3-4BBE-A0D7-5FFDA81F6ACF}.Release|Any CPU.ActiveCfg = Release|Any CPU
		{EFE1550A-EDD3-4BBE-A0D7-5FFDA81F6ACF}.Release|Any CPU.Build.0 = Release|Any CPU
		{D8906A2E-4C12-4CF0-8594-A74A38564307}.Debug|Any CPU.ActiveCfg = Debug|Any CPU
		{D8906A2E-4C12-4CF0-8594-A74A38564307}.Debug|Any CPU.Build.0 = Debug|Any CPU
		{D8906A2E-4C12-4CF0-8594-A74A38564307}.Release|Any CPU.ActiveCfg = Release|Any CPU
		{D8906A2E-4C12-4CF0-8594-A74A38564307}.Release|Any CPU.Build.0 = Release|Any CPU
	EndGlobalSection
	GlobalSection(SolutionProperties) = preSolution
		HideSolutionNode = FALSE
	EndGlobalSection
	GlobalSection(ExtensibilityGlobals) = postSolution
		SolutionGuid = {EC57874D-1ECD-44F1-80D6-00F19305DB91}
	EndGlobalSection
EndGlobal
